{
  "name": "rush-common",
  "version": "0.0.0",
  "lockfileVersion": 1,
  "requires": true,
  "dependencies": {
    "@rush-temp/air-control": {
      "version": "file:projects/air-control.tgz",
      "integrity": "sha512-Dn7eaileYlN1arao+k1RaSH+F+/veLmOSWqwvxhk6ECkDRXBdxXt0OpJH2ukUUwkj+m1dwYa1LPnXtxG1AFFxg==",
      "requires": {
        "rxjs": "^6.2.2",
        "typedi": "^0.8.0"
      }
    },
    "@rush-temp/airport-code": {
      "version": "file:projects/airport-code.tgz",
      "integrity": "sha512-ITpdL4D2awYoJ35qvOL2HdznPKOREKk3s736tkaPcxvKSzCo4499QN3k+Wkf7eMNKUoHLMr54AfMx/vtoFVyyw==",
      "requires": {
        "typedi": "^0.8.0"
      }
    },
    "@rush-temp/approach-lighting-system": {
      "version": "file:projects/approach-lighting-system.tgz",
      "integrity": "sha512-Gmxn7yqOVqnETm36+XWoSiXEWP1StLJXuS4oCj7KtGvSAF1DP+/bJMENHlHc1goSPKSzGCZjNwbrEpO1VLfZBg==",
      "requires": {
        "rxjs": "^6.2.2",
        "typedi": "^0.8.0"
      }
    },
    "@rush-temp/arrivals-n-departures": {
      "version": "file:projects/arrivals-n-departures.tgz",
      "integrity": "sha512-lnXukmxuzHiSCbNd5MB6nUJkr2GrOoOxaANRPYKL1DOgEykhZb0P0IUPwobofUGYxmkcYJDddwTU3eUmm/CgKQ==",
      "requires": {
        "typedi": "^0.8.0"
      }
    },
    "@rush-temp/automated-guideway-transit": {
      "version": "file:projects/automated-guideway-transit.tgz",
      "integrity": "sha512-Uz8mOSWluSB2VKz/olzhBapeShIGQCM07FN4TdO5NQgb3iYOH21IAD7NBAQYsNFe0AIoINr1XEJ4IiE919Ym3g==",
      "requires": {
        "@types/node": "^8.0.53",
        "rxjs": "^6.2.2",
        "typedi": "^0.8.0"
      }
    },
    "@rush-temp/check-in": {
      "version": "file:projects/check-in.tgz",
      "integrity": "sha512-sXWbMuQuhNqwf/Fkt+FHlkhO21Bg6rKUtRLS4m7qfAWKF5TTQgjuqSZb6mr/DppgJxMIIQ7W+3rmBeHVR5IBKA==",
      "requires": {
        "rxjs": "^6.2.2",
        "typedi": "^0.8.0"
      }
    },
    "@rush-temp/flight-log-archive": {
      "version": "file:projects/flight-log-archive.tgz",
      "integrity": "sha512-yfBiMve3FFIPpe/VyBRRNGj3wrvB3o0ZrwDTE74CWkNBnTbOY+EhNZGT3OdT/vt2/N+I/L5osj+v+8Z4IE78eA==",
      "requires": {
        "typedi": "^0.8.0"
      }
    },
    "@rush-temp/ground-control": {
      "version": "file:projects/ground-control.tgz",
      "integrity": "sha512-b4gsmR/B8B3gkRufkg/ElU+F9Mw17fA8a3jAjHvHUh0T45Ei+s0O9T35HctDjBRkSx2cIiRUz1ap0Bovp23ovg==",
      "requires": {
        "rxjs": "^6.2.2",
        "typedi": "^0.8.0"
      }
    },
    "@rush-temp/ground-transport": {
      "version": "file:projects/ground-transport.tgz",
      "integrity": "sha512-pbQtRUNKPaIkJ6J37/4DkRKrn5zaYFG0HxxTkAhDGK5FO+knqXxF3F17otXlcmy6Pgq6+VlRAd7aTDTSobBeew==",
      "requires": {
        "@types/gapi": "^0.0.35",
        "@types/google-drive-realtime-api": "^0.0.33",
        "rxjs": "^6.2.2",
        "typedi": "^0.8.0",
        "zipson": "^0.2.7"
      }
    },
    "@rush-temp/guideway": {
      "version": "file:projects/guideway.tgz",
      "integrity": "sha512-i4l6slCRL+GBZ3lidrRd0bh2xJbsIRucPyznOLDjkKEldFHlflB63130ND8uZCh4OUAqhFCbdQTOVGglP0oONw==",
      "requires": {
        "typedi": "^0.8.0"
      }
    },
    "@rush-temp/holding-pattern": {
      "version": "file:projects/holding-pattern.tgz",
      "integrity": "sha512-VaS/A643yeeRl0LcYDavPuXI2FGyopznW3RW1igSHwnFk981F6Vg0xUMQqCEfl9+dA9WeJ3NPmZGpz37EvFS5g==",
      "requires": {
        "typedi": "^0.8.0"
      }
    },
    "@rush-temp/moving-walkway": {
      "version": "file:projects/moving-walkway.tgz",
      "integrity": "sha512-NEsRv+W+OM5MooZo61gXIYPwzpTI6UD6vhLCNrDFz3ase7rdils1t5VI79Wxw4lCTrnsfMmaawAr9oxF3r8ngA==",
      "requires": {
        "typedi": "^0.8.0"
      }
    },
    "@rush-temp/point-of-destination": {
      "version": "file:projects/point-of-destination.tgz",
      "integrity": "sha512-ZVxGPizdfgKtX20aRhmho4HsdzeC+GkQboB3t4KFNnaYoMgvgEVacD1sOZ8A8PHST0s7Pnh5iVRvLs9ZMhW0Vg=="
    },
    "@rush-temp/runway": {
      "version": "file:projects/runway.tgz",
      "integrity": "sha512-yuCdakos1lz/D4MqVjCCpSzoSJFrGanGaGhoVnHLSRVaUuoTaRKiu6WQ11hA1hcDZ9MXOGpue0wL8LSiFGrMUA==",
      "requires": {
        "@types/node": "^6.0.85",
        "typescript": "^3.0.0-rc"
      },
      "dependencies": {
        "@types/node": {
          "version": "6.0.115",
          "resolved": "http://localhost:4873/@types%2fnode/-/node-6.0.115.tgz",
          "integrity": "sha512-PWA07jqflLli+PAk7VaJn0MVdTw96egk5B1FxwocV/tcc3RamNGbza1ZgS0OGUsTuAYCFCboL+IlG2bPazV2Nw=="
        }
      }
    },
    "@rush-temp/runway-edge-lighting": {
      "version": "file:projects/runway-edge-lighting.tgz",
      "integrity": "sha512-R/XMH7O4vPK3lcEloux/mKy5NFzQl0J7MJKaTHxbqwEqUq4XA+SLJMP1IM+QooL4Hy8A2sXsBGg276RTNQRd/g==",
      "requires": {
        "typedi": "^0.8.0"
      }
    },
    "@rush-temp/tarmaq": {
      "version": "file:projects/tarmaq.tgz",
      "integrity": "sha512-cx8lNzQ0Hk4dHmw2NuuXFGxDN71yiZSquO7Hsi2MGQWaRoIg93YURyQrdNmfmJEESSkB8JilaY0TFn44NnAOqg==",
      "requires": {
        "rxjs": "^6.2.2",
        "typedi": "^0.8.0"
      }
    },
    "@rush-temp/terminal": {
      "version": "file:projects/terminal.tgz",
      "integrity": "sha512-C8XlPHYPjQfuHUDMAntZ98Dqh1wsjTn2shugft//N+OpYr3nOL1zEgnyOlLN3AEERLEAF0Hptx8l1IrBUAnCog==",
      "requires": {
        "rxjs": "^6.2.2",
        "typedi": "^0.8.0",
        "zipson": "^0.2.7"
      }
    },
    "@rush-temp/terminal-map": {
      "version": "file:projects/terminal-map.tgz",
      "integrity": "sha512-vW1ygBgY36EljBhOSU45rBJ5aJiG9qrC40kkpzjZzfn62Ip0ODY2/dKPJgwvLNB6fpArMSWzLnpGIvkVQyIHwA==",
      "requires": {
        "rxjs": "^6.2.2",
        "typedi": "^0.8.0"
      }
    },
    "@rush-temp/territory": {
      "version": "file:projects/territory.tgz",
      "integrity": "sha512-pfEaydBZHSXEIBsVU7+0ISgcQlEm4BauhVzUV7lptfDH/CbHHhr6t/PnYWtqrd3DXM78jxlmGzYL7rS4uFFsgw==",
      "requires": {
        "typedi": "^0.8.0"
      }
    },
    "@rush-temp/tower": {
      "version": "file:projects/tower.tgz",
      "integrity": "sha512-a2kIWgL5hsAttV+1tlYK5roGAeZ8eKh8PR2XIJsgEzg1vQBSjzQuYWGcwiYEKi022ShZeHNZ/68mMm3b4TFb6g==",
      "requires": {
        "rxjs": "^6.2.2",
        "typedi": "^0.8.0"
      }
    },
    "@rush-temp/traffic-pattern": {
      "version": "file:projects/traffic-pattern.tgz",
      "integrity": "sha512-anxOycNu3Wm0HBUae21ONOJfVnuMY3tlTGLNcjQTsVmvdJ/d5xRmUpk/xHHiwCrhWsfW4X5PhNk53JbgutWZOQ==",
      "requires": {
        "typedi": "^0.8.0"
      }
    },
    "@rush-temp/travel-document-checkpoint": {
      "version": "file:projects/travel-document-checkpoint.tgz",
      "integrity": "sha512-X++aqiVDQTXpHSulERW6FWeAPDUBAUOnTMj4M/gOLxclDc2qBv9+DEC4H6ED3Qn8xomh6guvVujpNp3cdMELRQ==",
      "requires": {
        "typedi": "^0.8.0"
      }
    },
    "@types/gapi": {
      "version": "0.0.35",
      "resolved": "http://localhost:4873/@types%2fgapi/-/gapi-0.0.35.tgz",
      "integrity": "sha512-6E+WHil3a2+ZQXxa+2Fg9WMi1SwVx9KXT3P/7VmfTwK9Uqw2F+TQ97Ig2yJ7cOa0fUEk4qgdQNKP4rzKZfNMOQ=="
    },
    "@types/google-drive-realtime-api": {
      "version": "0.0.33",
      "resolved": "http://localhost:4873/@types%2fgoogle-drive-realtime-api/-/google-drive-realtime-api-0.0.33.tgz",
      "integrity": "sha1-GV61bxhGPoQtOvw49GobEDfO77A="
    },
    "@types/node": {
      "version": "8.10.23",
      "resolved": "http://localhost:4873/@types%2fnode/-/node-8.10.23.tgz",
      "integrity": "sha512-aEp5ZTLr4mYhR9S85cJ+sEYkcsgFY10N1Si5m49iTAVzanZXOwp/pgw6ibFLKXxpflqm71aSWZCRtnTXXO56gA=="
    },
    "rxjs": {
      "version": "6.2.2",
      "resolved": "http://localhost:4873/rxjs/-/rxjs-6.2.2.tgz",
      "integrity": "sha512-0MI8+mkKAXZUF9vMrEoPnaoHkfzBPP4IGwUYRJhIRJF6/w3uByO1e91bEHn8zd43RdkTMKiooYKmwz7RH6zfOQ==",
      "requires": {
        "tslib": "^1.9.0"
      }
    },
    "tslib": {
      "version": "1.9.3",
      "resolved": "http://localhost:4873/tslib/-/tslib-1.9.3.tgz",
      "integrity": "sha512-4krF8scpejhaOgqzBEcGM7yDIEfi0/8+8zDRZhNZZ2kjmHJ4hv3zCbQWxoJGz1iw5U0Jl0nma13xzHXcncMavQ=="
    },
    "typedi": {
      "version": "0.8.0",
      "resolved": "http://localhost:4873/typedi/-/typedi-0.8.0.tgz",
      "integrity": "sha512-/c7Bxnm6eh5kXx2I+mTuO+2OvoWni5+rXA3PhXwVWCtJRYmz3hMok5s1AKLzoDvNAZqj/Q/acGstN0ri5aQoOA=="
    },
    "typescript": {
      "version": "3.0.1",
      "resolved": "http://localhost:4873/typescript/-/typescript-3.0.1.tgz",
      "integrity": "sha512-zQIMOmC+372pC/CCVLqnQ0zSBiY7HHodU7mpQdjiZddek4GMj31I3dUJ7gAs9o65X7mnRma6OokOkc6f9jjfBg=="
    },
    "zipson": {
      "version": "0.2.9",
      "resolved": "http://localhost:4873/zipson/-/zipson-0.2.9.tgz",
      "integrity": "sha512-7DZqOFOnQlXN/l9vMU072gNcVNQyARVW02v1TXwMUcNpQOznXhQv3rDGN+f2x5MhR0283w2pP4189rXX67NUYw=="
    }
  }
}
