{
  "name": "rush-common",
  "version": "0.0.0",
  "lockfileVersion": 1,
  "requires": true,
  "dependencies": {
    "@rush-temp/air-control": {
      "version": "file:projects/air-control.tgz",
      "integrity": "sha512-kmv/skVMdO1zRs/M0MoMCXbkpAAYzWyWEp7RDW24ewGFBT6p1MQqwmy3DYJds5cPH2CbQqv/1kfqUSu2TRK+GQ==",
      "requires": {
        "rxjs": "^6.2.2",
        "typedi": "^0.8.0"
      }
    },
    "@rush-temp/airport-code": {
      "version": "file:projects/airport-code.tgz",
      "integrity": "sha512-aRLvoma2rb4xYCZVfTT4sdZNqOV9CqHfus3ZNQIK1OdmBRU641oQAJDx8HdjFZKgKlSVavd28onKJXQrfhn2Tg==",
      "requires": {
        "typedi": "^0.8.0"
      }
    },
    "@rush-temp/approach-lighting-system": {
      "version": "file:projects/approach-lighting-system.tgz",
      "integrity": "sha512-VKnrgjQiuWqp05Lq2E+M/juba1etnxeWhJpB7nkrQYNuUdweCUVxPpY2UyMMN5ZDGcXTzBHAdwvuruBUPYjmVg==",
      "requires": {
        "rxjs": "^6.2.2",
        "typedi": "^0.8.0"
      }
    },
    "@rush-temp/arrivals-n-departures": {
      "version": "file:projects/arrivals-n-departures.tgz",
      "integrity": "sha512-sc4pXm7PCHnYXx39sT0hfq80YpLpvoyWWa5gza/BOGIfNzECqLQQpPWJgMhXOjnt040EL269YLNonbCk76waCw==",
      "requires": {
        "typedi": "^0.8.0"
      }
    },
    "@rush-temp/automated-guideway-transit": {
      "version": "file:projects/automated-guideway-transit.tgz",
      "integrity": "sha512-CcMnubbXhMe+oSvjdr483X5QgHbNvpwi6G3mEjJyQbjCfYL3hNL4uA8IYxQ37vvwQo5CKKrYcNltMaxOyM/wbA==",
      "requires": {
        "@types/node": "^8.0.53",
        "rxjs": "^6.2.2",
        "typedi": "^0.8.0"
      }
    },
    "@rush-temp/check-in": {
      "version": "file:projects/check-in.tgz",
      "integrity": "sha512-m3lklcjRg5LcpycmL72EdE8Drze2V3vjPTyWAPqKVNw2ZhqtDAeETnfRH1kH443Ziu8i5R7S4Q7WIiojNDRU/Q==",
      "requires": {
        "rxjs": "^6.2.2",
        "typedi": "^0.8.0"
      }
    },
    "@rush-temp/flight-log-archive": {
      "version": "file:projects/flight-log-archive.tgz",
      "integrity": "sha512-NphZNu5ZPqbbBR2D6IVDlS5SlkTbSpSq++aaIP7w+LaPSmtTdGShg2OY3/kMiBaM/cLo6FV+vM+N0UWWeWglGw==",
      "requires": {
        "typedi": "^0.8.0"
      }
    },
    "@rush-temp/ground-control": {
      "version": "file:projects/ground-control.tgz",
      "integrity": "sha512-o710uUq0/g41o1uOM3MELx2D2cFj+h7N+0SdUpu6K4hmiDOv6V18zHFkm5NxLrZCrabIh5aNiVLM85sLR7l/LA==",
      "requires": {
        "rxjs": "^6.2.2",
        "typedi": "^0.8.0"
      }
    },
    "@rush-temp/ground-transport": {
      "version": "file:projects/ground-transport.tgz",
      "integrity": "sha512-Sqp5kCwIQGMYMlxKpQTxbWjlOejMbMR4trPzPpyZ3Hpho741sHFoREohyy86PgXRYE3hkIQBptiWp0hjlZi59A==",
      "requires": {
        "@types/gapi": "^0.0.35",
        "@types/google-drive-realtime-api": "^0.0.33",
        "rxjs": "^6.2.2",
        "typedi": "^0.8.0",
        "zipson": "^0.2.7"
      }
    },
    "@rush-temp/guideway": {
      "version": "file:projects/guideway.tgz",
      "integrity": "sha512-VbNrvjb1NQ+1xHDX3DvI95Vr9f6qNdETyDixIUBqQyxgGwr1C+2SjFzWu3ACZ/eYxgN5IQNW9tu5uz3q3UJxYg==",
      "requires": {
        "typedi": "^0.8.0"
      }
    },
    "@rush-temp/holding-pattern": {
      "version": "file:projects/holding-pattern.tgz",
      "integrity": "sha512-ePZ1hep+bIeUjPxCNk/Zhii4tdN+EhhrN5tDpvspbVxiVo+aJDJ44dBQMOCCUguAPAj1/FYEs/l0eSIpLqo2pw==",
      "requires": {
        "typedi": "^0.8.0"
      }
    },
    "@rush-temp/landing": {
      "version": "file:projects/landing.tgz",
      "integrity": "sha512-9dwBwW52kPiOHYsQLv2M/enP/QZ/YAb7E8hGNGS2gWoXcg8MSWrGZ77fs4RcsoN37SiD+Ohg1U2RLMtj8joSXQ==",
      "requires": {
        "typedi": "^0.8.0"
      }
    },
    "@rush-temp/moving-walkway": {
      "version": "file:projects/moving-walkway.tgz",
      "integrity": "sha512-BJhBKNAIhnWB46vIJi+YTa2Cz+bIBd6j3nm93ie6loTO2jSTiPUN8uS1rGzpSMHn143ch91TfBbzop7+elI/gg==",
      "requires": {
        "typedi": "^0.8.0"
      }
    },
    "@rush-temp/point-of-destination": {
      "version": "file:projects/point-of-destination.tgz",
      "integrity": "sha512-J/Fz8DZWvLjPjaW9aqkOAMzg44fuBAdJac/vc8i7XxGWW797G99n2D0AA8teyiAD71znMCAedvdDQ2OlDpvefg=="
    },
    "@rush-temp/runway": {
      "version": "file:projects/runway.tgz",
      "integrity": "sha512-JQWBT63SBF1ZSu3aoD+HWwyLjLuSfRCYYhIrC3SObgI+O41kmAuMVdjDfYYh2Reh5f1CpAFmaSIfKQzFS+oVbw==",
      "requires": {
        "@types/node": "^6.0.85",
        "typescript": "^3.0.1"
      },
      "dependencies": {
        "@types/node": {
          "version": "6.0.116",
          "resolved": "http://localhost:4873/@types%2fnode/-/node-6.0.116.tgz",
          "integrity": "sha512-vToa8YEeulfyYg1gSOeHjvvIRqrokng62VMSj2hoZrwZNcYrp2h3AWo6KeBVuymIklQUaY5zgVJvVsC4KiiLkQ=="
        }
      }
    },
    "@rush-temp/runway-edge-lighting": {
      "version": "file:projects/runway-edge-lighting.tgz",
      "integrity": "sha512-289oq3FKGWqYeCKIVKtXPH7J2lmqkJuu8YjRNUjLAO79D/nhaF2/zsHGdfZwzLvhB1+eHIhNrvV2Mwm7V7QOIQ==",
      "requires": {
        "typedi": "^0.8.0"
      }
    },
    "@rush-temp/tarmaq": {
      "version": "file:projects/tarmaq.tgz",
      "integrity": "sha512-F2r6ko17mxwD6Q97I3rOuhetsZlHbEV35+hCPR8z0+1d+8SaxUwEoHq2gHfYY+xApx1YqcfDQ++cN1vB8PW9pg==",
      "requires": {
        "rxjs": "^6.2.2",
        "typedi": "^0.8.0"
      }
    },
    "@rush-temp/terminal": {
      "version": "file:projects/terminal.tgz",
      "integrity": "sha512-U6V5WYJMASFtco6urHVIrSQ89VjK3ejS9vGz6FznoFdnKdUBBeFP4jjAcw2wUdTBYKHknaMPmRSBukOEXZg2Bw==",
      "requires": {
        "rxjs": "^6.2.2",
        "typedi": "^0.8.0",
        "zipson": "^0.2.7"
      }
    },
    "@rush-temp/terminal-map": {
      "version": "file:projects/terminal-map.tgz",
      "integrity": "sha512-teaKZ0QHrFGl0BIAqylCJYZSuU2x/lqHj0XxLyUsfD1SL0rq5zgxSvi69I1o2uq2qKrChOaD9WsWPGna2pCL4Q==",
      "requires": {
        "rxjs": "^6.2.2",
        "typedi": "^0.8.0"
      }
    },
    "@rush-temp/territory": {
      "version": "file:projects/territory.tgz",
      "integrity": "sha512-di2ZBPfExJWNoLA64GtRTbnyQFCyii+2Fcd3bR5BvgxpsS5pwGKCH+R1ZLqJJznMHwBAfWuKSBYJChtK3DYuoA==",
      "requires": {
        "typedi": "^0.8.0"
      }
    },
    "@rush-temp/tower": {
      "version": "file:projects/tower.tgz",
      "integrity": "sha512-ycGTEz7lmeHSKCVEDov+4YO8FJGZksRUHD01UXvjFvAxC2T+Qdx8yWyJJYPR3VAHE5Ih16iyl2PHcX1uTz+Xew==",
      "requires": {
        "rxjs": "^6.2.2",
        "typedi": "^0.8.0"
      }
    },
    "@rush-temp/traffic-pattern": {
      "version": "file:projects/traffic-pattern.tgz",
      "integrity": "sha512-QG7SLaKZAL9EHocCKEF3u2+Myv2zjDAj0Mlh2mrPjYYmvKV4zqSSUCdoHHK9r3MFSs9ViTDaA8QlJ74RJcaqMQ==",
      "requires": {
        "typedi": "^0.8.0"
      }
    },
    "@rush-temp/travel-document-checkpoint": {
      "version": "file:projects/travel-document-checkpoint.tgz",
      "integrity": "sha512-Opa4q9URmYeHKdvIBIqNru0bogRblWu3euQFsk+itzY8JAGnBP/L/fA5kklPh9MUfN2tcTpwAOVZgt+4XVjuyQ==",
      "requires": {
        "typedi": "^0.8.0"
      }
    },
    "@types/gapi": {
      "version": "0.0.35",
      "resolved": "http://localhost:4873/@types%2fgapi/-/gapi-0.0.35.tgz",
      "integrity": "sha512-6E+WHil3a2+ZQXxa+2Fg9WMi1SwVx9KXT3P/7VmfTwK9Uqw2F+TQ97Ig2yJ7cOa0fUEk4qgdQNKP4rzKZfNMOQ=="
    },
    "@types/google-drive-realtime-api": {
      "version": "0.0.33",
      "resolved": "http://localhost:4873/@types%2fgoogle-drive-realtime-api/-/google-drive-realtime-api-0.0.33.tgz",
      "integrity": "sha1-GV61bxhGPoQtOvw49GobEDfO77A="
    },
    "@types/node": {
      "version": "8.10.24",
      "resolved": "http://localhost:4873/@types%2fnode/-/node-8.10.24.tgz",
      "integrity": "sha512-5YaBKa6oFuWy7ptIFMATyftIcpZTZtvgrzPThEbs+kl4Uu41oUxiRunG0k32QZjD6MXMELls//ry/epNxc11aQ=="
    },
    "rxjs": {
      "version": "6.2.2",
      "resolved": "http://localhost:4873/rxjs/-/rxjs-6.2.2.tgz",
      "integrity": "sha512-0MI8+mkKAXZUF9vMrEoPnaoHkfzBPP4IGwUYRJhIRJF6/w3uByO1e91bEHn8zd43RdkTMKiooYKmwz7RH6zfOQ==",
      "requires": {
        "tslib": "^1.9.0"
      }
    },
    "tslib": {
      "version": "1.9.3",
      "resolved": "http://localhost:4873/tslib/-/tslib-1.9.3.tgz",
      "integrity": "sha512-4krF8scpejhaOgqzBEcGM7yDIEfi0/8+8zDRZhNZZ2kjmHJ4hv3zCbQWxoJGz1iw5U0Jl0nma13xzHXcncMavQ=="
    },
    "typedi": {
      "version": "0.8.0",
      "resolved": "http://localhost:4873/typedi/-/typedi-0.8.0.tgz",
      "integrity": "sha512-/c7Bxnm6eh5kXx2I+mTuO+2OvoWni5+rXA3PhXwVWCtJRYmz3hMok5s1AKLzoDvNAZqj/Q/acGstN0ri5aQoOA=="
    },
    "typescript": {
      "version": "3.0.1",
      "resolved": "http://localhost:4873/typescript/-/typescript-3.0.1.tgz",
      "integrity": "sha512-zQIMOmC+372pC/CCVLqnQ0zSBiY7HHodU7mpQdjiZddek4GMj31I3dUJ7gAs9o65X7mnRma6OokOkc6f9jjfBg=="
    },
    "zipson": {
      "version": "0.2.9",
      "resolved": "http://localhost:4873/zipson/-/zipson-0.2.9.tgz",
      "integrity": "sha512-7DZqOFOnQlXN/l9vMU072gNcVNQyARVW02v1TXwMUcNpQOznXhQv3rDGN+f2x5MhR0283w2pP4189rXX67NUYw=="
    }
  }
}
