dependencies:
  '@rush-temp/air-control': 'file:projects/air-control.tgz'
  '@rush-temp/airport-code': 'file:projects/airport-code.tgz'
  '@rush-temp/approach-lighting-system': 'file:projects/approach-lighting-system.tgz'
  '@rush-temp/arrivals-n-departures': 'file:projects/arrivals-n-departures.tgz'
  '@rush-temp/automated-guideway-transit': 'file:projects/automated-guideway-transit.tgz'
  '@rush-temp/blueprint': 'file:projects/blueprint.tgz_typescript@3.8.3'
  '@rush-temp/check-in': 'file:projects/check-in.tgz'
  '@rush-temp/di': 'file:projects/di.tgz_typescript@3.8.3'
  '@rush-temp/flight-log-archive': 'file:projects/flight-log-archive.tgz'
  '@rush-temp/fuel-hydrant-system': 'file:projects/fuel-hydrant-system.tgz'
  '@rush-temp/ground-control': 'file:projects/ground-control.tgz'
  '@rush-temp/ground-transport': 'file:projects/ground-transport.tgz'
  '@rush-temp/guideway': 'file:projects/guideway.tgz'
  '@rush-temp/holding-pattern': 'file:projects/holding-pattern.tgz'
  '@rush-temp/landing': 'file:projects/landing.tgz'
  '@rush-temp/mono-rail': 'file:projects/mono-rail.tgz'
  '@rush-temp/moving-walkway': 'file:projects/moving-walkway.tgz'
  '@rush-temp/observe': 'file:projects/observe.tgz'
  '@rush-temp/point-of-destination': 'file:projects/point-of-destination.tgz'
  '@rush-temp/runway': 'file:projects/runway.tgz'
  '@rush-temp/runway-edge-lighting': 'file:projects/runway-edge-lighting.tgz'
  '@rush-temp/security-check': 'file:projects/security-check.tgz'
  '@rush-temp/takeoff': 'file:projects/takeoff.tgz'
  '@rush-temp/tarmaq': 'file:projects/tarmaq.tgz'
  '@rush-temp/terminal': 'file:projects/terminal.tgz'
  '@rush-temp/terminal-map': 'file:projects/terminal-map.tgz'
  '@rush-temp/territory': 'file:projects/territory.tgz'
  '@rush-temp/tower': 'file:projects/tower.tgz'
  '@rush-temp/traffic-pattern': 'file:projects/traffic-pattern.tgz'
  '@rush-temp/travel-document-checkpoint': 'file:projects/travel-document-checkpoint.tgz'
  '@types/gapi': 0.0.35
  '@types/google-drive-realtime-api': 0.0.33
  sql.js: 0.5.0
  tslint: 5.20.1_typescript@3.8.3
  typedi: 0.8.0
  typescript: 3.8.3
  zipson: 0.2.12
lockfileVersion: 5.1
packages:
  /@babel/code-frame/7.8.3:
    dependencies:
      '@babel/highlight': 7.8.3
    dev: false
    resolution:
      integrity: sha512-a9gxpmdXtZEInkCSHUJDLHZVBgb1QS0jhss4cPP93EW7s+uC5bikET2twEF3KV+7rDblJcmNvTR7VJejqd2C2g==
  /@babel/highlight/7.8.3:
    dependencies:
      chalk: 2.4.2
      esutils: 2.0.3
      js-tokens: 4.0.0
    dev: false
    resolution:
      integrity: sha512-PX4y5xQUvy0fnEVHrYOarRPXVWafSjTW9T0Hab8gVIawpl2Sj0ORyrygANq+KjcNlSSTw0YCLSNA8OyZ1I4yEg==
  /@types/gapi/0.0.35:
    dev: false
    resolution:
      integrity: sha512-6E+WHil3a2+ZQXxa+2Fg9WMi1SwVx9KXT3P/7VmfTwK9Uqw2F+TQ97Ig2yJ7cOa0fUEk4qgdQNKP4rzKZfNMOQ==
  /@types/google-drive-realtime-api/0.0.33:
    dev: false
    resolution:
      integrity: sha1-GV61bxhGPoQtOvw49GobEDfO77A=
  /@types/node/6.14.9:
    dev: false
    resolution:
      integrity: sha512-leP/gxHunuazPdZaCvsCefPQxinqUDsCxCR5xaDUrY2MkYxQRFZZwU5e7GojyYsGB7QVtCi7iVEl/hoFXQYc+w==
  /@types/node/8.10.59:
    dev: false
    resolution:
      integrity: sha512-8RkBivJrDCyPpBXhVZcjh7cQxVBSmRk9QM7hOketZzp6Tg79c0N8kkpAIito9bnJ3HCVCHVYz+KHTEbfQNfeVQ==
  /ansi-styles/3.2.1:
    dependencies:
      color-convert: 1.9.3
    dev: false
    engines:
      node: '>=4'
    resolution:
      integrity: sha512-VT0ZI6kZRdTh8YyJw3SMbYm/u+NqfsAxEpWO0Pf9sq8/e94WxxOpPKx9FR1FlyCtOVDNOQ+8ntlqFxiRc+r5qA==
  /argparse/1.0.10:
    dependencies:
      sprintf-js: 1.0.3
    dev: false
    resolution:
      integrity: sha512-o5Roy6tNG4SL/FOkCAN6RzjiakZS25RLYFrcMttJqbdd8BWrnA+fGz57iN5Pb06pvBGvl5gQ0B48dJlslXvoTg==
  /balanced-match/1.0.0:
    dev: false
    resolution:
      integrity: sha1-ibTRmasr7kneFk6gK4nORi1xt2c=
  /brace-expansion/1.1.11:
    dependencies:
      balanced-match: 1.0.0
      concat-map: 0.0.1
    dev: false
    resolution:
      integrity: sha512-iCuPHDFgrHX7H2vEI/5xpz07zSHB00TpugqhmYtVmMO6518mCuRMoOYFldEBl0g187ufozdaHgWKcYFb61qGiA==
  /builtin-modules/1.1.1:
    dev: false
    engines:
      node: '>=0.10.0'
    resolution:
      integrity: sha1-Jw8HbFpywC9bZaR9+Uxf46J4iS8=
  /chalk/2.4.2:
    dependencies:
      ansi-styles: 3.2.1
      escape-string-regexp: 1.0.5
      supports-color: 5.5.0
    dev: false
    engines:
      node: '>=4'
    resolution:
      integrity: sha512-Mti+f9lpJNcwF4tWV8/OrTTtF1gZi+f8FqlyAdouralcFWFQWF2+NgCHShjkCb+IFBLq9buZwE1xckQU4peSuQ==
  /color-convert/1.9.3:
    dependencies:
      color-name: 1.1.3
    dev: false
    resolution:
      integrity: sha512-QfAUtd+vFdAtFQcC8CCyYt1fYWxSqAiK2cSD6zDB8N3cpsEBAvRxp9zOGg6G/SHHJYAT88/az/IuDGALsNVbGg==
  /color-name/1.1.3:
    dev: false
    resolution:
      integrity: sha1-p9BVi9icQveV3UIyj3QIMcpTvCU=
  /commander/2.20.3:
    dev: false
    resolution:
      integrity: sha512-GpVkmM8vF2vQUkj2LvZmD35JxeJOLCwJ9cUkugyk2nuhbv3+mJvpLYYt+0+USMxE+oj+ey/lJEnhZw75x/OMcQ==
  /concat-map/0.0.1:
    dev: false
    resolution:
      integrity: sha1-2Klr13/Wjfd5OnMDajug1UBdR3s=
  /diff/4.0.2:
    dev: false
    engines:
      node: '>=0.3.1'
    resolution:
      integrity: sha512-58lmxKSA4BNyLz+HHMUzlOEpg09FV+ev6ZMe3vJihgdxzgcwZ8VoEEPmALCZG9LmqfVoNMMKpttIYTVG6uDY7A==
  /escape-string-regexp/1.0.5:
    dev: false
    engines:
      node: '>=0.8.0'
    resolution:
      integrity: sha1-G2HAViGQqN/2rjuyzwIAyhMLhtQ=
  /esprima/4.0.1:
    dev: false
    engines:
      node: '>=4'
    hasBin: true
    resolution:
      integrity: sha512-eGuFFw7Upda+g4p+QHvnW0RyTX/SVeJBDM/gCtMARO0cLuT2HcEKnTPvhjV6aGeqrCB/sbNop0Kszm0jsaWU4A==
  /esutils/2.0.3:
    dev: false
    engines:
      node: '>=0.10.0'
    resolution:
      integrity: sha512-kVscqXk4OCp68SZ0dkgEKVi6/8ij300KBWTJq32P/dYeWTSwK41WyTxalN1eRmA5Z9UU/LX9D7FWSmV9SAYx6g==
  /fs.realpath/1.0.0:
    dev: false
    resolution:
      integrity: sha1-FQStJSMVjKpA20onh8sBQRmU6k8=
  /glob/7.1.6:
    dependencies:
      fs.realpath: 1.0.0
      inflight: 1.0.6
      inherits: 2.0.4
      minimatch: 3.0.4
      once: 1.4.0
      path-is-absolute: 1.0.1
    dev: false
    resolution:
      integrity: sha512-LwaxwyZ72Lk7vZINtNNrywX0ZuLyStrdDtabefZKAY5ZGJhVtgdznluResxNmPitE0SAO+O26sWTHeKSI2wMBA==
  /has-flag/3.0.0:
    dev: false
    engines:
      node: '>=4'
    resolution:
      integrity: sha1-tdRU3CGZriJWmfNGfloH87lVuv0=
  /inflight/1.0.6:
    dependencies:
      once: 1.4.0
      wrappy: 1.0.2
    dev: false
    resolution:
      integrity: sha1-Sb1jMdfQLQwJvJEKEHW6gWW1bfk=
  /inherits/2.0.4:
    dev: false
    resolution:
      integrity: sha512-k/vGaX4/Yla3WzyMCvTQOXYeIHvqOKtnqBduzTHpzpQZzAskKMhZ2K+EnBiSM9zGSoIFeMpXKxa4dYeZIQqewQ==
  /js-tokens/4.0.0:
    dev: false
    resolution:
      integrity: sha512-RdJUflcE3cUzKiMqQgsCu06FPu9UdIJO0beYbPhHN4k6apgJtifcoCtT9bcxOpYBtpD2kCM6Sbzg4CausW/PKQ==
  /js-yaml/3.13.1:
    dependencies:
      argparse: 1.0.10
      esprima: 4.0.1
    dev: false
    hasBin: true
    resolution:
      integrity: sha512-YfbcO7jXDdyj0DGxYVSlSeQNHbD7XPWvrVWeVUujrQEoZzWJIRrCPoyk6kL6IAjAG2IolMK4T0hNUe0HOUs5Jw==
  /minimatch/3.0.4:
    dependencies:
      brace-expansion: 1.1.11
    dev: false
    resolution:
      integrity: sha512-yJHVQEhyqPLUTgt9B83PXu6W3rx4MvvHvSUvToogpwoGDOUQ+yDrR0HRot+yOCdCO7u4hX3pWft6kWBBcqh0UA==
  /minimist/1.2.5:
    dev: false
    resolution:
      integrity: sha512-FM9nNUYrRBAELZQT3xeZQ7fmMOBg6nWNmJKTcgsJeaLstP/UODVpGsr5OhXhhXg6f+qtJ8uiZ+PUxkDWcgIXLw==
  /mkdirp/0.5.3:
    dependencies:
      minimist: 1.2.5
    deprecated: Legacy versions of mkdirp are no longer supported. Please update to mkdirp 1.x. (Note that the API surface has changed to use Promises in 1.x.)
    dev: false
    hasBin: true
    resolution:
      integrity: sha512-P+2gwrFqx8lhew375MQHHeTlY8AuOJSrGf0R5ddkEndUkmwpgUob/vQuBD1V22/Cw1/lJr4x+EjllSezBThzBg==
  /once/1.4.0:
    dependencies:
      wrappy: 1.0.2
    dev: false
    resolution:
      integrity: sha1-WDsap3WWHUsROsF9nFC6753Xa9E=
  /path-is-absolute/1.0.1:
    dev: false
    engines:
      node: '>=0.10.0'
    resolution:
      integrity: sha1-F0uSaHNVNP+8es5r9TpanhtcX18=
  /path-parse/1.0.6:
    dev: false
    resolution:
      integrity: sha512-GSmOT2EbHrINBf9SR7CDELwlJ8AENk3Qn7OikK4nFYAu3Ote2+JYNVvkpAEQm3/TLNEJFD/xZJjzyxg3KBWOzw==
  /resolve/1.15.1:
    dependencies:
      path-parse: 1.0.6
    dev: false
    resolution:
      integrity: sha512-84oo6ZTtoTUpjgNEr5SJyzQhzL72gaRodsSfyxC/AXRvwu0Yse9H8eF9IpGo7b8YetZhlI6v7ZQ6bKBFV/6S7w==
  /semver/5.7.1:
    dev: false
    hasBin: true
    resolution:
      integrity: sha512-sauaDf/PZdVgrLTNYHRtpXa1iRiKcaebiKQ1BJdpQlWH2lCvexQdX55snPFyK7QzpudqbCI0qXFfOasHdyNDGQ==
  /sprintf-js/1.0.3:
    dev: false
    resolution:
      integrity: sha1-BOaSb2YolTVPPdAVIDYzuFcpfiw=
  /sql.js/0.5.0:
    dev: false
    resolution:
      integrity: sha1-+IDeoYKAqEDkHfIgnclnQi36jYE=
  /supports-color/5.5.0:
    dependencies:
      has-flag: 3.0.0
    dev: false
    engines:
      node: '>=4'
    resolution:
      integrity: sha512-QjVjwdXIt408MIiAqCX4oUKsgU2EqAGzs2Ppkm4aQYbjm+ZEWEcW4SfFNTr4uMNZma0ey4f5lgLrkB0aX0QMow==
  /tslib/1.11.1:
    dev: false
    resolution:
      integrity: sha512-aZW88SY8kQbU7gpV19lN24LtXh/yD4ZZg6qieAJDDg+YBsJcSmLGK9QpnUjAKVG/xefmvJGd1WUmfpT/g6AJGA==
  /tslint/5.20.1_typescript@3.8.3:
    dependencies:
      '@babel/code-frame': 7.8.3
      builtin-modules: 1.1.1
      chalk: 2.4.2
      commander: 2.20.3
      diff: 4.0.2
      glob: 7.1.6
      js-yaml: 3.13.1
      minimatch: 3.0.4
      mkdirp: 0.5.3
      resolve: 1.15.1
      semver: 5.7.1
      tslib: 1.11.1
      tsutils: 2.29.0_typescript@3.8.3
      typescript: 3.8.3
    dev: false
    engines:
      node: '>=4.8.0'
    hasBin: true
    peerDependencies:
      typescript: '>=2.3.0-dev || >=2.4.0-dev || >=2.5.0-dev || >=2.6.0-dev || >=2.7.0-dev || >=2.8.0-dev || >=2.9.0-dev || >=3.0.0-dev || >= 3.1.0-dev || >= 3.2.0-dev'
    resolution:
      integrity: sha512-EcMxhzCFt8k+/UP5r8waCf/lzmeSyVlqxqMEDQE7rWYiQky8KpIBz1JAoYXfROHrPZ1XXd43q8yQnULOLiBRQg==
  /tsutils/2.29.0_typescript@3.8.3:
    dependencies:
      tslib: 1.11.1
      typescript: 3.8.3
    dev: false
    peerDependencies:
      typescript: '>=2.1.0 || >=2.1.0-dev || >=2.2.0-dev || >=2.3.0-dev || >=2.4.0-dev || >=2.5.0-dev || >=2.6.0-dev || >=2.7.0-dev || >=2.8.0-dev || >=2.9.0-dev || >= 3.0.0-dev || >= 3.1.0-dev'
    resolution:
      integrity: sha512-g5JVHCIJwzfISaXpXE1qvNalca5Jwob6FjI4AoPlqMusJ6ftFE7IkkFoMhVLRgK+4Kx3gkzb8UZK5t5yTTvEmA==
  /typedi/0.8.0:
    dev: false
    resolution:
      integrity: sha512-/c7Bxnm6eh5kXx2I+mTuO+2OvoWni5+rXA3PhXwVWCtJRYmz3hMok5s1AKLzoDvNAZqj/Q/acGstN0ri5aQoOA==
  /typescript/3.8.3:
    dev: false
    engines:
      node: '>=4.2.0'
    hasBin: true
    resolution:
      integrity: sha512-MYlEfn5VrLNsgudQTVJeNaQFUAI7DkhnOjdpAp4T+ku1TfQClewlbSuTVHiA+8skNBgaf02TL/kLOvig4y3G8w==
  /wrappy/1.0.2:
    dev: false
    resolution:
      integrity: sha1-tSQ9jz7BqjXxNkYFvA0QNuMKtp8=
  /zipson/0.2.12:
    dev: false
    resolution:
      integrity: sha512-+u+fyZQXJUJDTf4NGCChW+LoWGqCrhwHAfvtCtcmE0e40KmQt4YSP4l3TOay1WjRNv+VfODgBD/vNwaSSGnDwA==
  'file:projects/air-control.tgz':
    dev: false
    name: '@rush-temp/air-control'
    resolution:
      integrity: sha512-F4FhewoMqJt9oIS1Txl2buu2aD0oq/4ph0iskwp28TQ1i3Q4h98xs6rjjuCk0iFn99jd+IQGneqesrSasTMAVg==
      tarball: 'file:projects/air-control.tgz'
    version: 0.0.0
  'file:projects/airport-code.tgz':
    dev: false
    name: '@rush-temp/airport-code'
    resolution:
      integrity: sha512-oC7+ddJKm5xP01LTJhsFAEPo+HoLnQUP3vzXasXfv9kqdCTyhx/2ji5v5praNnCXdDoqT3juG2cUdPCFWOClcw==
      tarball: 'file:projects/airport-code.tgz'
    version: 0.0.0
  'file:projects/approach-lighting-system.tgz':
    dev: false
    name: '@rush-temp/approach-lighting-system'
    resolution:
      integrity: sha512-d7MER3S58N006cEd6DOLd9BVCrSj95Ta84YcsTyyWYgouRXs5d43tSDHVENP/q2isVPh9c4dxxMyJgJi0ntMKg==
      tarball: 'file:projects/approach-lighting-system.tgz'
    version: 0.0.0
  'file:projects/arrivals-n-departures.tgz':
    dev: false
    name: '@rush-temp/arrivals-n-departures'
    resolution:
      integrity: sha512-LYE1FUbWw2asZ0PaxyaWLs9TQFgUK+2DykqhX6iejBXnfLp8k+XDxX1FzLZfZvidNQVCN/eAgyC2ubh8p33OBA==
      tarball: 'file:projects/arrivals-n-departures.tgz'
    version: 0.0.0
  'file:projects/automated-guideway-transit.tgz':
    dependencies:
      '@types/node': 8.10.59
    dev: false
    name: '@rush-temp/automated-guideway-transit'
    resolution:
      integrity: sha512-rWJzeV2QNJWe1x8mRwiil26y5nBiHL+cUOT6x2bv73bC19DqLir6NGWHBEAVDHlura6EhDIFRal8ceQRqkGQpA==
      tarball: 'file:projects/automated-guideway-transit.tgz'
    version: 0.0.0
  'file:projects/blueprint.tgz_typescript@3.8.3':
    dependencies:
      tslint: 5.20.1_typescript@3.8.3
    dev: false
    id: 'file:projects/blueprint.tgz'
    name: '@rush-temp/blueprint'
    peerDependencies:
      typescript: '*'
    resolution:
      integrity: sha512-uFZwXDXu/v16O+HwoVU175MyxGQY3Mpv0y8htzZzonC+r7b2mKtDt+/IHRQpsXPJkbpY0qA4Tgfi6X2fLe8zMg==
      tarball: 'file:projects/blueprint.tgz'
    version: 0.0.0
  'file:projects/check-in.tgz':
    dev: false
    name: '@rush-temp/check-in'
    resolution:
      integrity: sha512-skJdOUX95V0AcxMpRO6kL1HyKtVEBSOc3l5bXg2EyF7VOR9FkXQCuyQ7ZC4Shbu4+8/N/a9Akpi52EgY3cPdjA==
      tarball: 'file:projects/check-in.tgz'
    version: 0.0.0
  'file:projects/di.tgz_typescript@3.8.3':
    dependencies:
      tslint: 5.20.1_typescript@3.8.3
    dev: false
    id: 'file:projects/di.tgz'
    name: '@rush-temp/di'
    peerDependencies:
      typescript: '*'
    resolution:
      integrity: sha512-XOE6s3VI6NKuJ7DK3+hJHXQgUkE0yRq+7agN+2GxnVl1N1Ntr5wRD3WGRQgwLObohUklD0N3sQ1W9hBnrns08g==
      tarball: 'file:projects/di.tgz'
    version: 0.0.0
  'file:projects/flight-log-archive.tgz':
    dev: false
    name: '@rush-temp/flight-log-archive'
    resolution:
      integrity: sha512-3BKjeDC0rpNFbNHvVK6GnljWrFypWG97axDuySqicki46SolGG2Emqpb2kN60Ie9MnJJ8G1o/Gi5wwayHx5ewA==
      tarball: 'file:projects/flight-log-archive.tgz'
    version: 0.0.0
  'file:projects/fuel-hydrant-system.tgz':
    dependencies:
      sql.js: 0.5.0
    dev: false
    name: '@rush-temp/fuel-hydrant-system'
    resolution:
      integrity: sha512-4RObb1PgL+S18uunUv7mVpaIDysoOm9nsLIpKV0UiaRX3zRXlUYg2Lc+m2bcjtxJ2QWrMMugFPH83zUWCtkNiw==
      tarball: 'file:projects/fuel-hydrant-system.tgz'
    version: 0.0.0
  'file:projects/ground-control.tgz':
    dev: false
    name: '@rush-temp/ground-control'
    resolution:
      integrity: sha512-1cRSqkOCKVWj07MfVhk4ToL4FBxwKG1fOpUxcIKpw5qlUYy+VUT7DZt5KgRbbzFOzk5MwbFJb+C4ozLcRDSiNA==
      tarball: 'file:projects/ground-control.tgz'
    version: 0.0.0
  'file:projects/ground-transport.tgz':
    dependencies:
      '@types/gapi': 0.0.35
      '@types/google-drive-realtime-api': 0.0.33
      zipson: 0.2.12
    dev: false
    name: '@rush-temp/ground-transport'
    resolution:
      integrity: sha512-FFLHDh123AgVAAFl/Rg8E3CkuRjbxLx693gvZuzGEGQQcvA/r0aNi6idfr8UuqJKS/c8cM7mXoIbhQZbotSWgw==
      tarball: 'file:projects/ground-transport.tgz'
    version: 0.0.0
  'file:projects/guideway.tgz':
    dev: false
    name: '@rush-temp/guideway'
    resolution:
      integrity: sha512-eoCl+vSL7GnAdcFBGyJgtQF/MbENiYvdW3Im23c4U92XrnxvP6KK5j1+0JTBBrNbzWGM1mC9LrxLPZnNx+HIuA==
      tarball: 'file:projects/guideway.tgz'
    version: 0.0.0
  'file:projects/holding-pattern.tgz':
    dev: false
    name: '@rush-temp/holding-pattern'
    resolution:
      integrity: sha512-eQzddIGZJCDI8ARd4D1jeXpvLClqsC37y0m1HO22w38fRsyBW+rfMWPea4cgHQiTgww2/qJhkY6vgxKODvrFBg==
      tarball: 'file:projects/holding-pattern.tgz'
    version: 0.0.0
  'file:projects/landing.tgz':
    dev: false
    name: '@rush-temp/landing'
    resolution:
      integrity: sha512-bKJv5/UE97jTHfD10RgwySZ7NnzK58S534I3PY8pTyH3o6uYmfqn2LWxLlNPgYXaRE60APtDfU9K5kHkonKrxA==
      tarball: 'file:projects/landing.tgz'
    version: 0.0.0
  'file:projects/mono-rail.tgz':
    dev: false
    name: '@rush-temp/mono-rail'
    resolution:
      integrity: sha512-n7kNRiUQ8NycKWp5+64beuNWJrB2nHEzXSv2zweTSYuEZ7MsCvF1uCKDS9LiA7P1jFQFYKNKuMVkPDDuyX8utg==
      tarball: 'file:projects/mono-rail.tgz'
    version: 0.0.0
  'file:projects/moving-walkway.tgz':
    dependencies:
      typedi: 0.8.0
    dev: false
    name: '@rush-temp/moving-walkway'
    resolution:
      integrity: sha512-T1J41ziGYLXB5gN0QM+rYeoCN9za2mTpGGM43IY4r3IboDxE7etxtLH2b1JSeTjK2wszIVsh/PVK363Vh4Iu5g==
      tarball: 'file:projects/moving-walkway.tgz'
    version: 0.0.0
  'file:projects/observe.tgz':
    dev: false
    name: '@rush-temp/observe'
    resolution:
      integrity: sha512-0HM2XmMPMH4QUcWPk/02WTovqYF2IJWOKQNKmdK+ztKpL2CMrxZYDPonfLDBTPiEQdAr22v8w5cjTHwd+NjtQw==
      tarball: 'file:projects/observe.tgz'
    version: 0.0.0
  'file:projects/point-of-destination.tgz':
    dev: false
    name: '@rush-temp/point-of-destination'
    resolution:
      integrity: sha512-DCxLl2wKI4whGnmx5aM2G7o9+dLg6ZAEgSoSC2p3YRhJoWBOXqVakv72lFouvZ1f/YvXMIipdn9oSYPznhxvkg==
      tarball: 'file:projects/point-of-destination.tgz'
    version: 0.0.0
  'file:projects/runway-edge-lighting.tgz':
    dependencies:
      typedi: 0.8.0
    dev: false
    name: '@rush-temp/runway-edge-lighting'
    resolution:
      integrity: sha512-tiK4Xu68ULkmJLkeUuBqa2ydNhMJB7obyHPgyLpjFw19aF9a+MQ1RWhCLpTqNItfACBlbEzDm6KEAn73xxzTrQ==
      tarball: 'file:projects/runway-edge-lighting.tgz'
    version: 0.0.0
  'file:projects/runway.tgz':
    dependencies:
      '@types/node': 6.14.9
      typescript: 3.8.3
    dev: false
    name: '@rush-temp/runway'
    resolution:
      integrity: sha512-2/M9tdNyd8Cz+AcPF+UqPLWR1EfQjvxwNRryjhQrLOeMScbKMQcjL2VQ56IOcRHvP9DiiyjqfyiPbGy4ZkBBHw==
      tarball: 'file:projects/runway.tgz'
    version: 0.0.0
  'file:projects/security-check.tgz':
    dev: false
    name: '@rush-temp/security-check'
    resolution:
      integrity: sha512-El3w1AbiOZm5wspVGOfJlVCuiVV54282UD2peSYLHNVaW9pTI3xrbSFDvo6BuGkFrRxcXsmKtIb7wnHlKWKrlQ==
      tarball: 'file:projects/security-check.tgz'
    version: 0.0.0
  'file:projects/takeoff.tgz':
    dev: false
    name: '@rush-temp/takeoff'
    resolution:
      integrity: sha512-W9aY083sDiobhL7cjKY6VysiihPjzraqUM5GU0lVfRzxm2Yzei59Yoo+W0elnfIfZdcnN+rUqfgkxbyNqTTp7g==
      tarball: 'file:projects/takeoff.tgz'
    version: 0.0.0
  'file:projects/tarmaq.tgz':
    dev: false
    name: '@rush-temp/tarmaq'
    resolution:
      integrity: sha512-/eCelrkMB7c4Iy1EJXkLVXwB0T4VaImqrrmCv1VRFhnF2/n8ySN4LwOcuWGKIJr91bch/OVOyLEKconnAV17rg==
      tarball: 'file:projects/tarmaq.tgz'
    version: 0.0.0
  'file:projects/terminal-map.tgz':
    dev: false
    name: '@rush-temp/terminal-map'
    resolution:
      integrity: sha512-I0TWSqPwYnd8Oymi+exkylwGdfG0RwFWIB+kejtH+CEg6EGLKHOdbkOr7qWdVAW8s1ZULoKhTUQ+Y14aVnJTbQ==
      tarball: 'file:projects/terminal-map.tgz'
    version: 0.0.0
  'file:projects/terminal.tgz':
    dependencies:
      zipson: 0.2.12
    dev: false
    name: '@rush-temp/terminal'
    resolution:
      integrity: sha512-7q6IsabO4NGEXo9xn0ScpSvVItrN+7S0XDgOxLCMgu3GfwnjEHaqic9NVLLj2l3rQbvw6RpkZXLWNXttAVtYDA==
      tarball: 'file:projects/terminal.tgz'
    version: 0.0.0
  'file:projects/territory.tgz':
    dev: false
    name: '@rush-temp/territory'
    resolution:
      integrity: sha512-rfA5YtI0dEpiAJeYhdGMhdjn7hMc95L5fYXofsQSO78HvuVzs4TVPosbneAi6uootHCU05AHKLCU3VHougzqBw==
      tarball: 'file:projects/territory.tgz'
    version: 0.0.0
  'file:projects/tower.tgz':
    dev: false
    name: '@rush-temp/tower'
    resolution:
      integrity: sha512-xaNg8+lh1MYKjmRD/dsc6nqkUKieER0gV2PghStBxHeFe3Hs8H4uLDpO9w/wPGL+GIc6lpaIu0ZJuUqclE/nNw==
      tarball: 'file:projects/tower.tgz'
    version: 0.0.0
  'file:projects/traffic-pattern.tgz':
    dev: false
    name: '@rush-temp/traffic-pattern'
    resolution:
      integrity: sha512-PdV6U0VCeMLt+leRIT0+c+oxJb3GrT5gaogAujxHM10mIOLOjT97o13zd+VELlQMODWiliJhXTIlDmQ7MzSx7w==
      tarball: 'file:projects/traffic-pattern.tgz'
    version: 0.0.0
  'file:projects/travel-document-checkpoint.tgz':
    dev: false
    name: '@rush-temp/travel-document-checkpoint'
    resolution:
      integrity: sha512-FdeAN3q3StbNwY6xYkxD+uhqfJCxwglXFWLIiCiU6usbh6QQROxJKRZijjCad1xgT8CYwTogWfDwuas9eEjcZg==
      tarball: 'file:projects/travel-document-checkpoint.tgz'
    version: 0.0.0
specifiers:
  '@rush-temp/air-control': 'file:./projects/air-control.tgz'
  '@rush-temp/airport-code': 'file:./projects/airport-code.tgz'
  '@rush-temp/approach-lighting-system': 'file:./projects/approach-lighting-system.tgz'
  '@rush-temp/arrivals-n-departures': 'file:./projects/arrivals-n-departures.tgz'
  '@rush-temp/automated-guideway-transit': 'file:./projects/automated-guideway-transit.tgz'
  '@rush-temp/blueprint': 'file:./projects/blueprint.tgz'
  '@rush-temp/check-in': 'file:./projects/check-in.tgz'
  '@rush-temp/di': 'file:./projects/di.tgz'
  '@rush-temp/flight-log-archive': 'file:./projects/flight-log-archive.tgz'
  '@rush-temp/fuel-hydrant-system': 'file:./projects/fuel-hydrant-system.tgz'
  '@rush-temp/ground-control': 'file:./projects/ground-control.tgz'
  '@rush-temp/ground-transport': 'file:./projects/ground-transport.tgz'
  '@rush-temp/guideway': 'file:./projects/guideway.tgz'
  '@rush-temp/holding-pattern': 'file:./projects/holding-pattern.tgz'
  '@rush-temp/landing': 'file:./projects/landing.tgz'
  '@rush-temp/mono-rail': 'file:./projects/mono-rail.tgz'
  '@rush-temp/moving-walkway': 'file:./projects/moving-walkway.tgz'
  '@rush-temp/observe': 'file:./projects/observe.tgz'
  '@rush-temp/point-of-destination': 'file:./projects/point-of-destination.tgz'
  '@rush-temp/runway': 'file:./projects/runway.tgz'
  '@rush-temp/runway-edge-lighting': 'file:./projects/runway-edge-lighting.tgz'
  '@rush-temp/security-check': 'file:./projects/security-check.tgz'
  '@rush-temp/takeoff': 'file:./projects/takeoff.tgz'
  '@rush-temp/tarmaq': 'file:./projects/tarmaq.tgz'
  '@rush-temp/terminal': 'file:./projects/terminal.tgz'
  '@rush-temp/terminal-map': 'file:./projects/terminal-map.tgz'
  '@rush-temp/territory': 'file:./projects/territory.tgz'
  '@rush-temp/tower': 'file:./projects/tower.tgz'
  '@rush-temp/traffic-pattern': 'file:./projects/traffic-pattern.tgz'
  '@rush-temp/travel-document-checkpoint': 'file:./projects/travel-document-checkpoint.tgz'
  '@types/gapi': ^0.0.35
  '@types/google-drive-realtime-api': ^0.0.33
  sql.js: ^0.5.0
  tslint: ^5.14.0
  typedi: ^0.8.0
  typescript: ^3.8.2
  zipson: ^0.2.7
