{
  "name": "@airport/check-in",
  "version": "0.0.10",
  "lockfileVersion": 1,
  "requires": true,
  "dependencies": {
    "@airport/air-control": {
      "version": "0.0.29",
      "resolved": "http://localhost:4873/@airport%2fair-control/-/air-control-0.0.29.tgz",
      "integrity": "sha512-pXqzpviokgEV0DDe5rzY443iThD67qhTDIKgazTGDyYLB7/0/SzuT6eURgOF++JGCxWFdXL2vpc5bK3rZK7pfA==",
      "requires": {
        "@airport/ground-control": "0.0.7",
        "rxjs": "5.4.3"
      }
    },
    "@airport/ground-control": {
      "version": "0.0.7",
      "resolved": "http://localhost:4873/@airport%2fground-control/-/ground-control-0.0.7.tgz",
      "integrity": "sha512-I1hHbP9s0oWSZtLOb9syk3rTZmc1FB3PVSocRNRbYPMxMuIhgYYuDQ3b2rUnCndkJtiS/p5QTDM6R3OEzIYaCg==",
      "requires": {
        "rxjs": "5.4.3"
      }
    },
    "rxjs": {
      "version": "5.4.3",
      "resolved": "http://localhost:4873/rxjs/-/rxjs-5.4.3.tgz",
      "integrity": "sha512-fSNi+y+P9ss+EZuV0GcIIqPUK07DEaMRUtLJvdcvMyFjc9dizuDjere+A4V7JrLGnm9iCc+nagV/4QdMTkqC4A==",
      "requires": {
        "symbol-observable": "1.0.4"
      }
    },
    "symbol-observable": {
      "version": "1.0.4",
      "resolved": "http://localhost:4873/symbol-observable/-/symbol-observable-1.0.4.tgz",
      "integrity": "sha1-Kb9hXUqnEhvdiYsi1LP5vE4qoD0="
    }
  }
}
