{
  "name": "@airport/ground-transport",
  "version": "0.0.41",
  "lockfileVersion": 1,
  "requires": true,
  "dependencies": {
    "@types/gapi": {
      "version": "0.0.35",
      "resolved": "http://localhost:4873/@types%2fgapi/-/gapi-0.0.35.tgz",
      "integrity": "sha512-6E+WHil3a2+ZQXxa+2Fg9WMi1SwVx9KXT3P/7VmfTwK9Uqw2F+TQ97Ig2yJ7cOa0fUEk4qgdQNKP4rzKZfNMOQ=="
    },
    "@types/google-drive-realtime-api": {
      "version": "0.0.33",
      "resolved": "http://localhost:4873/@types%2fgoogle-drive-realtime-api/-/google-drive-realtime-api-0.0.33.tgz",
      "integrity": "sha1-GV61bxhGPoQtOvw49GobEDfO77A="
    },
    "rxjs": {
      "version": "5.4.3",
      "resolved": "http://localhost:4873/rxjs/-/rxjs-5.4.3.tgz",
      "integrity": "sha512-fSNi+y+P9ss+EZuV0GcIIqPUK07DEaMRUtLJvdcvMyFjc9dizuDjere+A4V7JrLGnm9iCc+nagV/4QdMTkqC4A==",
      "requires": {
        "symbol-observable": "1.0.4"
      }
    },
    "symbol-observable": {
      "version": "1.0.4",
      "resolved": "http://localhost:4873/symbol-observable/-/symbol-observable-1.0.4.tgz",
      "integrity": "sha1-Kb9hXUqnEhvdiYsi1LP5vE4qoD0="
    },
    "typescript": {
      "version": "2.4.2",
      "resolved": "http://localhost:4873/typescript/-/typescript-2.4.2.tgz",
      "integrity": "sha1-+DlfhdRZJ2BnyYiqQYN6j4KHCEQ=",
      "dev": true
    }
  }
}
