lockfileVersion: '6.0'

dependencies:
  '@airport/air-traffic-control':
    specifier: workspace:../../apis/air-traffic-control
    version: link:../../apis/air-traffic-control
  '@airport/aviation-communication':
    specifier: workspace:../../apis/aviation-communication
    version: link:../../apis/aviation-communication
  '@airport/direction-indicator':
    specifier: workspace:../../libs/direction-indicator
    version: link:../../libs/direction-indicator
  '@airport/final-approach':
    specifier: workspace:../../schemas/final-approach
    version: link:../../schemas/final-approach
  '@airport/fuel-hydrant-system':
    specifier: workspace:../../libs/fuel-hydrant-system
    version: link:../../libs/fuel-hydrant-system
  '@airport/ground-control':
    specifier: workspace:../../apis/ground-control
    version: link:../../apis/ground-control
  '@airport/sequence':
    specifier: workspace:../../databases/sequence
    version: link:../../databases/sequence
  '@airport/takeoff':
    specifier: workspace:../takeoff
    version: link:../takeoff
  '@airport/tarmaq-dao':
    specifier: workspace:../../ORMs/tarmaq/dao
    version: link:../../ORMs/tarmaq/dao
  '@airport/tarmaq-query':
    specifier: workspace:../../ORMs/tarmaq/query
    version: link:../../ORMs/tarmaq/query
  '@airport/terminal':
    specifier: workspace:../../engines/terminal
    version: link:../../engines/terminal
  '@airport/terminal-map':
    specifier: workspace:../../apis/terminal-map
    version: link:../../apis/terminal-map
  '@airport/tower':
    specifier: workspace:../../engines/tower
    version: link:../../engines/tower
  typescript:
    specifier: workspace:../../../node_modules/typescript
    version: link:../../../node_modules/typescript

devDependencies:
  '@rollup/plugin-commonjs':
    specifier: workspace:../../../node_modules/@rollup/plugin-commonjs
    version: link:../../../node_modules/@rollup/plugin-commonjs
  '@rollup/plugin-node-resolve':
    specifier: workspace:../../../node_modules/@rollup/plugin-node-resolve
    version: link:../../../node_modules/@rollup/plugin-node-resolve
  '@types/node':
    specifier: workspace:../../../node_modules/@types/node
    version: link:../../../node_modules/@types/node
  rollup:
    specifier: workspace:../../../node_modules/rollup
    version: link:../../../node_modules/rollup
  rollup-plugin-dts:
    specifier: workspace:../../../node_modules/rollup-plugin-dts
    version: link:../../../node_modules/rollup-plugin-dts
  rollup-plugin-peer-deps-external:
    specifier: workspace:../../../node_modules/rollup-plugin-peer-deps-external
    version: link:../../../node_modules/rollup-plugin-peer-deps-external
  rollup-plugin-terser:
    specifier: workspace:../../../node_modules/rollup-plugin-terser
    version: link:../../../node_modules/rollup-plugin-terser
  rollup-plugin-typescript2:
    specifier: workspace:../../../node_modules/rollup-plugin-typescript2
    version: link:../../../node_modules/rollup-plugin-typescript2
  tslib:
    specifier: workspace:../../../node_modules/tslib
    version: link:../../../node_modules/tslib
