{
  "name": "@airport/holding-pattern",
  "version": "0.0.1",
  "lockfileVersion": 1,
  "requires": true,
  "dependencies": {
    "@airport/air-control": {
      "version": "0.0.23",
      "resolved": "http://localhost:4873/@airport%2fair-control/-/air-control-0.0.23.tgz",
      "integrity": "sha512-0mAOt4JaeBRh7g5igel8zbWWT+51Q/LC46GNz76S5Jysg77HaxPpj+HIuV6asrGrh547uI0p/ZdSxYH+PM2QCA==",
      "dev": true,
      "requires": {
        "@airport/ground-control": "0.0.6",
        "rxjs": "5.4.3"
      },
      "dependencies": {
        "@airport/ground-control": {
          "version": "0.0.6",
          "resolved": "http://localhost:4873/@airport%2fground-control/-/ground-control-0.0.6.tgz",
          "integrity": "sha512-VZSCVFffuVWpkBdHxs4ef3/xa1psWPqFMwkS96fNiNNnL3vcD8IVX2/yP/B37qrCfZsHOH5S9tpmQ+M9eSGGyg==",
          "dev": true,
          "requires": {
            "rxjs": "5.4.3"
          }
        }
      }
    },
    "@airport/check-in": {
      "version": "0.0.1",
      "resolved": "http://localhost:4873/@airport%2fcheck-in/-/check-in-0.0.1.tgz",
      "integrity": "sha512-c0mDVlOK98yhYVkaJq0YuFQtmmXsY8hIpOeAO4ygN/E7xyJ7mE1+6UpEDn8BPvZlwJkxC8WavITXK2CVQPC5OA=="
    },
    "@airport/ground-transport": {
      "version": "0.0.1",
      "resolved": "http://localhost:4873/@airport%2fground-transport/-/ground-transport-0.0.1.tgz",
      "integrity": "sha512-gBGtQjcJDYRXGe6fxZcOyRA1niqg//lCVWKgxbhndT9T4qh6lSML7VE4OtQvPP1/fu0KKHWhS/JOC/eWMO9FkQ==",
      "dev": true,
      "requires": {
        "@types/gapi": "0.0.35",
        "@types/google-drive-realtime-api": "0.0.33",
        "rxjs": "5.4.3"
      }
    },
    "@airport/terminal-map": {
      "version": "0.0.6",
      "resolved": "http://localhost:4873/@airport%2fterminal-map/-/terminal-map-0.0.6.tgz",
      "integrity": "sha512-oQD/YwvLUz53hbks9jCB8lfJMgBU4OqtGt4RbacR/ALuEHLXeIWuT9C08Rbv8lE5RAGmsqp/DIiTKy8QB23dsw=="
    },
    "@airport/traffic-pattern": {
      "version": "0.0.3",
      "resolved": "http://localhost:4873/@airport%2ftraffic-pattern/-/traffic-pattern-0.0.3.tgz",
      "integrity": "sha512-KblaaoVBZ4quYtIylKS/vPf0DIvEgi+rXutSvbJdi1UTbj/57ICwtWUcTLeMkpoudm9hwP1Z/4zOl3iYTmUFyw=="
    },
    "@types/gapi": {
      "version": "0.0.35",
      "resolved": "http://localhost:4873/@types%2fgapi/-/gapi-0.0.35.tgz",
      "integrity": "sha512-6E+WHil3a2+ZQXxa+2Fg9WMi1SwVx9KXT3P/7VmfTwK9Uqw2F+TQ97Ig2yJ7cOa0fUEk4qgdQNKP4rzKZfNMOQ==",
      "dev": true
    },
    "@types/google-drive-realtime-api": {
      "version": "0.0.33",
      "resolved": "http://localhost:4873/@types%2fgoogle-drive-realtime-api/-/google-drive-realtime-api-0.0.33.tgz",
      "integrity": "sha1-GV61bxhGPoQtOvw49GobEDfO77A=",
      "dev": true
    },
    "rxjs": {
      "version": "5.4.3",
      "resolved": "http://localhost:4873/rxjs/-/rxjs-5.4.3.tgz",
      "integrity": "sha512-fSNi+y+P9ss+EZuV0GcIIqPUK07DEaMRUtLJvdcvMyFjc9dizuDjere+A4V7JrLGnm9iCc+nagV/4QdMTkqC4A==",
      "dev": true,
      "requires": {
        "symbol-observable": "1.0.4"
      }
    },
    "symbol-observable": {
      "version": "1.0.4",
      "resolved": "http://localhost:4873/symbol-observable/-/symbol-observable-1.0.4.tgz",
      "integrity": "sha1-Kb9hXUqnEhvdiYsi1LP5vE4qoD0=",
      "dev": true
    },
    "typescript": {
      "version": "2.4.2",
      "resolved": "http://localhost:4873/typescript/-/typescript-2.4.2.tgz",
      "integrity": "sha1-+DlfhdRZJ2BnyYiqQYN6j4KHCEQ=",
      "dev": true
    }
  }
}
