lockfileVersion: '6.0'

dependencies:
  typescript:
    specifier: workspace:../../../node_modules/typescript
    version: link:../../../node_modules/typescript

devDependencies:
  '@rollup/plugin-commonjs':
    specifier: workspace:../../../node_modules/@rollup/plugin-commonjs
    version: link:../../../node_modules/@rollup/plugin-commonjs
  '@rollup/plugin-node-resolve':
    specifier: workspace:../../../node_modules/@rollup/plugin-node-resolve
    version: link:../../../node_modules/@rollup/plugin-node-resolve
  '@types/node':
    specifier: workspace:../../../node_modules/@types/node
    version: link:../../../node_modules/@types/node
  rollup:
    specifier: workspace:../../../node_modules/rollup
    version: link:../../../node_modules/rollup
  rollup-plugin-dts:
    specifier: workspace:../../../node_modules/rollup-plugin-dts
    version: link:../../../node_modules/rollup-plugin-dts
  rollup-plugin-peer-deps-external:
    specifier: workspace:../../../node_modules/rollup-plugin-peer-deps-external
    version: link:../../../node_modules/rollup-plugin-peer-deps-external
  rollup-plugin-terser:
    specifier: workspace:../../../node_modules/rollup-plugin-terser
    version: link:../../../node_modules/rollup-plugin-terser
  rollup-plugin-typescript2:
    specifier: workspace:../../../node_modules/rollup-plugin-typescript2
    version: link:../../../node_modules/rollup-plugin-typescript2
  tslib:
    specifier: workspace:../../../node_modules/tslib
    version: link:../../../node_modules/tslib
