{
  "name": "@airport/terminal-map",
  "version": "0.0.6",
  "lockfileVersion": 1,
  "requires": true,
  "dependencies": {
    "@airport/air-control": {
      "version": "0.0.8",
      "resolved": "http://localhost:4873/@airport%2fair-control/-/air-control-0.0.8.tgz",
      "integrity": "sha512-3OyiV2kMZ95igA5TqWKx1Qo6pQgeJNpR6DF/tjd2Ag0RdBZ7DFq97VolpSwQyGLJiX7lxi2iXr3trpRXyeVD1w==",
      "requires": {
        "@airport/ground-control": "0.0.4",
        "rxjs": "5.4.3"
      }
    },
    "@airport/ground-control": {
      "version": "0.0.4",
      "resolved": "http://localhost:4873/@airport%2fground-control/-/ground-control-0.0.4.tgz",
      "integrity": "sha512-SwH8du5rrCSr4iNPYRr0YaxZ0iIx/vm8Am3ShyDLjvFTFPZIbna6WouixbGZkCJsS4FNxedjMjccGkgBCIMSrQ==",
      "requires": {
        "rxjs": "5.4.3"
      }
    },
    "rxjs": {
      "version": "5.4.3",
      "resolved": "http://localhost:4873/rxjs/-/rxjs-5.4.3.tgz",
      "integrity": "sha512-fSNi+y+P9ss+EZuV0GcIIqPUK07DEaMRUtLJvdcvMyFjc9dizuDjere+A4V7JrLGnm9iCc+nagV/4QdMTkqC4A==",
      "requires": {
        "symbol-observable": "1.0.4"
      }
    },
    "symbol-observable": {
      "version": "1.0.4",
      "resolved": "http://localhost:4873/symbol-observable/-/symbol-observable-1.0.4.tgz",
      "integrity": "sha1-Kb9hXUqnEhvdiYsi1LP5vE4qoD0="
    }
  }
}
